
Microsoft Visual Studio Solution File, Format Version 12.00
# Visual Studio Version 17
VisualStudioVersion = 17.7.34221.43
MinimumVisualStudioVersion = 10.0.40219.1
Project("{54A90642-561A-4BB1-A94E-469ADEE60C69}") = "enaapp", "EnaApp\enaapp.esproj", "{744CE658-C2DC-40DC-94AA-EF8D74E8CAEA}"
EndProject
Global
	GlobalSection(SolutionConfigurationPlatforms) = preSolution
		Debug|Any CPU = Debug|Any CPU
		Release|Any CPU = Release|Any CPU
	EndGlobalSection
	GlobalSection(ProjectConfigurationPlatforms) = postSolution
		{744CE658-C2DC-40DC-94AA-EF8D74E8CAEA}.Debug|Any CPU.ActiveCfg = Debug|Any CPU
		{744CE658-C2DC-40DC-94AA-EF8D74E8CAEA}.Debug|Any CPU.Build.0 = Debug|Any CPU
		{744CE658-C2DC-40DC-94AA-EF8D74E8CAEA}.Debug|Any CPU.Deploy.0 = Debug|Any CPU
		{744CE658-C2DC-40DC-94AA-EF8D74E8CAEA}.Release|Any CPU.ActiveCfg = Release|Any CPU
		{744CE658-C2DC-40DC-94AA-EF8D74E8CAEA}.Release|Any CPU.Build.0 = Release|Any CPU
		{744CE658-C2DC-40DC-94AA-EF8D74E8CAEA}.Release|Any CPU.Deploy.0 = Release|Any CPU
	EndGlobalSection
	GlobalSection(SolutionProperties) = preSolution
		HideSolutionNode = FALSE
	EndGlobalSection
	GlobalSection(ExtensibilityGlobals) = postSolution
		SolutionGuid = {A9CFBDDA-1DF2-406B-B142-F05AB27C1C02}
	EndGlobalSection
EndGlobal
